
Microsoft Visual Studio Solution File, Format Version 12.00
# Visual Studio Version 16
VisualStudioVersion = 16.0.31019.35
MinimumVisualStudioVersion = 10.0.40219.1
Project("{FAE04EC0-301F-11D3-BF4B-00C04F79EFBC}") = "AzeriChatMMC", "AzeriChatMMC\AzeriChatMMC.csproj", "{78541B0C-1799-4FE6-BCD8-7414B4141F77}"
EndProject
Global
	GlobalSection(SolutionConfigurationPlatforms) = preSolution
		Debug|Any CPU = Debug|Any CPU
		Release|Any CPU = Release|Any CPU
	EndGlobalSection
	GlobalSection(ProjectConfigurationPlatforms) = postSolution
		{78541B0C-1799-4FE6-BCD8-7414B4141F77}.Debug|Any CPU.ActiveCfg = Debug|Any CPU
		{78541B0C-1799-4FE6-BCD8-7414B4141F77}.Debug|Any CPU.Build.0 = Debug|Any CPU
		{78541B0C-1799-4FE6-BCD8-7414B4141F77}.Release|Any CPU.ActiveCfg = Release|Any CPU
		{78541B0C-1799-4FE6-BCD8-7414B4141F77}.Release|Any CPU.Build.0 = Release|Any CPU
	EndGlobalSection
	GlobalSection(SolutionProperties) = preSolution
		HideSolutionNode = FALSE
	EndGlobalSection
	GlobalSection(ExtensibilityGlobals) = postSolution
		SolutionGuid = {B324C7D0-8CB3-4100-95D8-2DC16AA47132}
	EndGlobalSection
EndGlobal
